
Microsoft Visual Studio Solution File, Format Version 12.00
# Visual Studio Version 17
VisualStudioVersion = 17.9.34607.119
MinimumVisualStudioVersion = 10.0.40219.1
Project("{9A19103F-16F7-4668-BE54-9A1E7A4F7556}") = "SQLite-Bank", "AtmSqlite\SQLite-Bank.csproj", "{52147A56-C184-42DA-8EA4-F39605006BCE}"
EndProject
Global
	GlobalSection(SolutionConfigurationPlatforms) = preSolution
		Debug|Any CPU = Debug|Any CPU
		Release|Any CPU = Release|Any CPU
	EndGlobalSection
	GlobalSection(ProjectConfigurationPlatforms) = postSolution
		{52147A56-C184-42DA-8EA4-F39605006BCE}.Debug|Any CPU.ActiveCfg = Debug|Any CPU
		{52147A56-C184-42DA-8EA4-F39605006BCE}.Debug|Any CPU.Build.0 = Debug|Any CPU
		{52147A56-C184-42DA-8EA4-F39605006BCE}.Release|Any CPU.ActiveCfg = Release|Any CPU
		{52147A56-C184-42DA-8EA4-F39605006BCE}.Release|Any CPU.Build.0 = Release|Any CPU
	EndGlobalSection
	GlobalSection(SolutionProperties) = preSolution
		HideSolutionNode = FALSE
	EndGlobalSection
	GlobalSection(ExtensibilityGlobals) = postSolution
		SolutionGuid = {4FA1BB0E-5B76-47A4-A32D-FEE6FFD9D72D}
	EndGlobalSection
EndGlobal
